
Microsoft Visual Studio Solution File, Format Version 12.00
# Visual Studio Version 17
VisualStudioVersion = 17.4.33110.190
MinimumVisualStudioVersion = 10.0.40219.1
Project("{FAE04EC0-301F-11D3-BF4B-00C04F79EFBC}") = "tutClicker", "tutClicker\tutClicker.csproj", "{65B63DA8-7174-489A-9175-23C9BF862CAA}"
EndProject
Global
	GlobalSection(SolutionConfigurationPlatforms) = preSolution
		Debug|Any CPU = Debug|Any CPU
		Release|Any CPU = Release|Any CPU
	EndGlobalSection
	GlobalSection(ProjectConfigurationPlatforms) = postSolution
		{65B63DA8-7174-489A-9175-23C9BF862CAA}.Debug|Any CPU.ActiveCfg = Debug|Any CPU
		{65B63DA8-7174-489A-9175-23C9BF862CAA}.Debug|Any CPU.Build.0 = Debug|Any CPU
		{65B63DA8-7174-489A-9175-23C9BF862CAA}.Release|Any CPU.ActiveCfg = Release|Any CPU
		{65B63DA8-7174-489A-9175-23C9BF862CAA}.Release|Any CPU.Build.0 = Release|Any CPU
	EndGlobalSection
	GlobalSection(SolutionProperties) = preSolution
		HideSolutionNode = FALSE
	EndGlobalSection
	GlobalSection(ExtensibilityGlobals) = postSolution
		SolutionGuid = {C2FA8E39-35BE-412C-8A40-A2BBC9F3F459}
	EndGlobalSection
EndGlobal
